
Microsoft Visual Studio Solution File, Format Version 12.00
# Visual Studio Version 17
VisualStudioVersion = 17.4.33213.308
MinimumVisualStudioVersion = 10.0.40219.1
Project("{FAE04EC0-301F-11D3-BF4B-00C04F79EFBC}") = "hw8", "hw8.csproj", "{B627BAD2-2F56-441B-AEF4-FC33D6C990D9}"
EndProject
Global
	GlobalSection(SolutionConfigurationPlatforms) = preSolution
		Debug|Any CPU = Debug|Any CPU
		Release|Any CPU = Release|Any CPU
	EndGlobalSection
	GlobalSection(ProjectConfigurationPlatforms) = postSolution
		{B627BAD2-2F56-441B-AEF4-FC33D6C990D9}.Debug|Any CPU.ActiveCfg = Debug|Any CPU
		{B627BAD2-2F56-441B-AEF4-FC33D6C990D9}.Debug|Any CPU.Build.0 = Debug|Any CPU
		{B627BAD2-2F56-441B-AEF4-FC33D6C990D9}.Release|Any CPU.ActiveCfg = Release|Any CPU
		{B627BAD2-2F56-441B-AEF4-FC33D6C990D9}.Release|Any CPU.Build.0 = Release|Any CPU
	EndGlobalSection
	GlobalSection(SolutionProperties) = preSolution
		HideSolutionNode = FALSE
	EndGlobalSection
	GlobalSection(ExtensibilityGlobals) = postSolution
		SolutionGuid = {D558F274-AE9B-473B-BABF-F0EC4BCA7B15}
	EndGlobalSection
EndGlobal
